// !$*UTF8*$!
{
	archiveVersion = 1;
	classes = {
	};
	objectVersion = 55;
	objects = {

/* Begin PBXBuildFile section */
		C468509C26C468C800332B8C /* Tests_iOS.swift in Sources */ = {isa = PBXBuildFile; fileRef = C468509B26C468C800332B8C /* Tests_iOS.swift */; };
		C46850A626C468C800332B8C /* Tests_macOS.swift in Sources */ = {isa = PBXBuildFile; fileRef = C46850A526C468C800332B8C /* Tests_macOS.swift */; };
		C46850A726C468C800332B8C /* Multiple_StoriesApp.swift in Sources */ = {isa = PBXBuildFile; fileRef = C468508526C468C600332B8C /* Multiple_StoriesApp.swift */; };
		C46850A826C468C800332B8C /* Multiple_StoriesApp.swift in Sources */ = {isa = PBXBuildFile; fileRef = C468508526C468C600332B8C /* Multiple_StoriesApp.swift */; };
		C46850A926C468C800332B8C /* ContentView.swift in Sources */ = {isa = PBXBuildFile; fileRef = C468508626C468C600332B8C /* ContentView.swift */; };
		C46850AA26C468C800332B8C /* ContentView.swift in Sources */ = {isa = PBXBuildFile; fileRef = C468508626C468C600332B8C /* ContentView.swift */; };
		C46850AB26C468C800332B8C /* Assets.xcassets in Resources */ = {isa = PBXBuildFile; fileRef = C468508726C468C800332B8C /* Assets.xcassets */; };
		C46850AC26C468C800332B8C /* Assets.xcassets in Resources */ = {isa = PBXBuildFile; fileRef = C468508726C468C800332B8C /* Assets.xcassets */; };
/* End PBXBuildFile section */

/* Begin PBXContainerItemProxy section */
		C468509826C468C800332B8C /* PBXContainerItemProxy */ = {
			isa = PBXContainerItemProxy;
			containerPortal = C468508026C468C600332B8C /* Project object */;
			proxyType = 1;
			remoteGlobalIDString = C468508B26C468C800332B8C;
			remoteInfo = "Multiple Stories (iOS)";
		};
		C46850A226C468C800332B8C /* PBXContainerItemProxy */ = {
			isa = PBXContainerItemProxy;
			containerPortal = C468508026C468C600332B8C /* Project object */;
			proxyType = 1;
			remoteGlobalIDString = C468509126C468C800332B8C;
			remoteInfo = "Multiple Stories (macOS)";
		};
/* End PBXContainerItemProxy section */

/* Begin PBXFileReference section */
		C468508526C468C600332B8C /* Multiple_StoriesApp.swift */ = {isa = PBXFileReference; lastKnownFileType = sourcecode.swift; path = Multiple_StoriesApp.swift; sourceTree = "<group>"; };
		C468508626C468C600332B8C /* ContentView.swift */ = {isa = PBXFileReference; lastKnownFileType = sourcecode.swift; path = ContentView.swift; sourceTree = "<group>"; };
		C468508726C468C800332B8C /* Assets.xcassets */ = {isa = PBXFileReference; lastKnownFileType = folder.assetcatalog; path = Assets.xcassets; sourceTree = "<group>"; };
		C468508C26C468C800332B8C /* Multiple Stories.app */ = {isa = PBXFileReference; explicitFileType = wrapper.application; includeInIndex = 0; path = "Multiple Stories.app"; sourceTree = BUILT_PRODUCTS_DIR; };
		C468509226C468C800332B8C /* Multiple Stories.app */ = {isa = PBXFileReference; explicitFileType = wrapper.application; includeInIndex = 0; path = "Multiple Stories.app"; sourceTree = BUILT_PRODUCTS_DIR; };
		C468509726C468C800332B8C /* Tests iOS.xctest */ = {isa = PBXFileReference; explicitFileType = wrapper.cfbundle; includeInIndex = 0; path = "Tests iOS.xctest"; sourceTree = BUILT_PRODUCTS_DIR; };
		C468509B26C468C800332B8C /* Tests_iOS.swift */ = {isa = PBXFileReference; lastKnownFileType = sourcecode.swift; path = Tests_iOS.swift; sourceTree = "<group>"; };
		C46850A126C468C800332B8C /* Tests macOS.xctest */ = {isa = PBXFileReference; explicitFileType = wrapper.cfbundle; includeInIndex = 0; path = "Tests macOS.xctest"; sourceTree = BUILT_PRODUCTS_DIR; };
		C46850A526C468C800332B8C /* Tests_macOS.swift */ = {isa = PBXFileReference; lastKnownFileType = sourcecode.swift; path = Tests_macOS.swift; sourceTree = "<group>"; };
/* End PBXFileReference section */

/* Begin PBXFrameworksBuildPhase section */
		C468508926C468C800332B8C /* Frameworks */ = {
			isa = PBXFrameworksBuildPhase;
			buildActionMask = 2147483647;
			files = (
			);
			runOnlyForDeploymentPostprocessing = 0;
		};
		C468508F26C468C800332B8C /* Frameworks */ = {
			isa = PBXFrameworksBuildPhase;
			buildActionMask = 2147483647;
			files = (
			);
			runOnlyForDeploymentPostprocessing = 0;
		};
		C468509426C468C800332B8C /* Frameworks */ = {
			isa = PBXFrameworksBuildPhase;
			buildActionMask = 2147483647;
			files = (
			);
			runOnlyForDeploymentPostprocessing = 0;
		};
		C468509E26C468C800332B8C /* Frameworks */ = {
			isa = PBXFrameworksBuildPhase;
			buildActionMask = 2147483647;
			files = (
			);
			runOnlyForDeploymentPostprocessing = 0;
		};
/* End PBXFrameworksBuildPhase section */

/* Begin PBXGroup section */
		C468507F26C468C600332B8C = {
			isa = PBXGroup;
			children = (
				C468508426C468C600332B8C /* Shared */,
				C468509A26C468C800332B8C /* Tests iOS */,
				C46850A426C468C800332B8C /* Tests macOS */,
				C468508D26C468C800332B8C /* Products */,
			);
			sourceTree = "<group>";
		};
		C468508426C468C600332B8C /* Shared */ = {
			isa = PBXGroup;
			children = (
				C468508526C468C600332B8C /* Multiple_StoriesApp.swift */,
				C468508626C468C600332B8C /* ContentView.swift */,
				C468508726C468C800332B8C /* Assets.xcassets */,
			);
			path = Shared;
			sourceTree = "<group>";
		};
		C468508D26C468C800332B8C /* Products */ = {
			isa = PBXGroup;
			children = (
				C468508C26C468C800332B8C /* Multiple Stories.app */,
				C468509226C468C800332B8C /* Multiple Stories.app */,
				C468509726C468C800332B8C /* Tests iOS.xctest */,
				C46850A126C468C800332B8C /* Tests macOS.xctest */,
			);
			name = Products;
			sourceTree = "<group>";
		};
		C468509A26C468C800332B8C /* Tests iOS */ = {
			isa = PBXGroup;
			children = (
				C468509B26C468C800332B8C /* Tests_iOS.swift */,
			);
			path = "Tests iOS";
			sourceTree = "<group>";
		};
		C46850A426C468C800332B8C /* Tests macOS */ = {
			isa = PBXGroup;
			children = (
				C46850A526C468C800332B8C /* Tests_macOS.swift */,
			);
			path = "Tests macOS";
			sourceTree = "<group>";
		};
/* End PBXGroup section */

/* Begin PBXNativeTarget section */
		C468508B26C468C800332B8C /* Multiple Stories (iOS) */ = {
			isa = PBXNativeTarget;
			buildConfigurationList = C46850AF26C468C800332B8C /* Build configuration list for PBXNativeTarget "Multiple Stories (iOS)" */;
			buildPhases = (
				C468508826C468C800332B8C /* Sources */,
				C468508926C468C800332B8C /* Frameworks */,
				C468508A26C468C800332B8C /* Resources */,
			);
			buildRules = (
			);
			dependencies = (
			);
			name = "Multiple Stories (iOS)";
			productName = "Multiple Stories (iOS)";
			productReference = C468508C26C468C800332B8C /* Multiple Stories.app */;
			productType = "com.apple.product-type.application";
		};
		C468509126C468C800332B8C /* Multiple Stories (macOS) */ = {
			isa = PBXNativeTarget;
			buildConfigurationList = C46850B226C468C800332B8C /* Build configuration list for PBXNativeTarget "Multiple Stories (macOS)" */;
			buildPhases = (
				C468508E26C468C800332B8C /* Sources */,
				C468508F26C468C800332B8C /* Frameworks */,
				C468509026C468C800332B8C /* Resources */,
			);
			buildRules = (
			);
			dependencies = (
			);
			name = "Multiple Stories (macOS)";
			productName = "Multiple Stories (macOS)";
			productReference = C468509226C468C800332B8C /* Multiple Stories.app */;
			productType = "com.apple.product-type.application";
		};
		C468509626C468C800332B8C /* Tests iOS */ = {
			isa = PBXNativeTarget;
			buildConfigurationList = C46850B526C468C800332B8C /* Build configuration list for PBXNativeTarget "Tests iOS" */;
			buildPhases = (
				C468509326C468C800332B8C /* Sources */,
				C468509426C468C800332B8C /* Frameworks */,
				C468509526C468C800332B8C /* Resources */,
			);
			buildRules = (
			);
			dependencies = (
				C468509926C468C800332B8C /* PBXTargetDependency */,
			);
			name = "Tests iOS";
			productName = "Tests iOS";
			productReference = C468509726C468C800332B8C /* Tests iOS.xctest */;
			productType = "com.apple.product-type.bundle.ui-testing";
		};
		C46850A026C468C800332B8C /* Tests macOS */ = {
			isa = PBXNativeTarget;
			buildConfigurationList = C46850B826C468C800332B8C /* Build configuration list for PBXNativeTarget "Tests macOS" */;
			buildPhases = (
				C468509D26C468C800332B8C /* Sources */,
				C468509E26C468C800332B8C /* Frameworks */,
				C468509F26C468C800332B8C /* Resources */,
			);
			buildRules = (
			);
			dependencies = (
				C46850A326C468C800332B8C /* PBXTargetDependency */,
			);
			name = "Tests macOS";
			productName = "Tests macOS";
			productReference = C46850A126C468C800332B8C /* Tests macOS.xctest */;
			productType = "com.apple.product-type.bundle.ui-testing";
		};
/* End PBXNativeTarget section */

/* Begin PBXProject section */
		C468508026C468C600332B8C /* Project object */ = {
			isa = PBXProject;
			attributes = {
				BuildIndependentTargetsInParallel = 1;
				LastSwiftUpdateCheck = 1300;
				LastUpgradeCheck = 1300;
				TargetAttributes = {
					C468508B26C468C800332B8C = {
						CreatedOnToolsVersion = 13.0;
					};
					C468509126C468C800332B8C = {
						CreatedOnToolsVersion = 13.0;
					};
					C468509626C468C800332B8C = {
						CreatedOnToolsVersion = 13.0;
						TestTargetID = C468508B26C468C800332B8C;
					};
					C46850A026C468C800332B8C = {
						CreatedOnToolsVersion = 13.0;
						TestTargetID = C468509126C468C800332B8C;
					};
				};
			};
			buildConfigurationList = C468508326C468C600332B8C /* Build configuration list for PBXProject "Multiple Stories" */;
			compatibilityVersion = "Xcode 13.0";
			developmentRegion = en;
			hasScannedForEncodings = 0;
			knownRegions = (
				en,
				Base,
			);
			mainGroup = C468507F26C468C600332B8C;
			productRefGroup = C468508D26C468C800332B8C /* Products */;
			projectDirPath = "";
			projectRoot = "";
			targets = (
				C468508B26C468C800332B8C /* Multiple Stories (iOS) */,
				C468509126C468C800332B8C /* Multiple Stories (macOS) */,
				C468509626C468C800332B8C /* Tests iOS */,
				C46850A026C468C800332B8C /* Tests macOS */,
			);
		};
/* End PBXProject section */

/* Begin PBXResourcesBuildPhase section */
		C468508A26C468C800332B8C /* Resources */ = {
			isa = PBXResourcesBuildPhase;
			buildActionMask = 2147483647;
			files = (
				C46850AB26C468C800332B8C /* Assets.xcassets in Resources */,
			);
			runOnlyForDeploymentPostprocessing = 0;
		};
		C468509026C468C800332B8C /* Resources */ = {
			isa = PBXResourcesBuildPhase;
			buildActionMask = 2147483647;
			files = (
				C46850AC26C468C800332B8C /* Assets.xcassets in Resources */,
			);
			runOnlyForDeploymentPostprocessing = 0;
		};
		C468509526C468C800332B8C /* Resources */ = {
			isa = PBXResourcesBuildPhase;
			buildActionMask = 2147483647;
			files = (
			);
			runOnlyForDeploymentPostprocessing = 0;
		};
		C468509F26C468C800332B8C /* Resources */ = {
			isa = PBXResourcesBuildPhase;
			buildActionMask = 2147483647;
			files = (
			);
			runOnlyForDeploymentPostprocessing = 0;
		};
/* End PBXResourcesBuildPhase section */

/* Begin PBXSourcesBuildPhase section */
		C468508826C468C800332B8C /* Sources */ = {
			isa = PBXSourcesBuildPhase;
			buildActionMask = 2147483647;
			files = (
				C46850A926C468C800332B8C /* ContentView.swift in Sources */,
				C46850A726C468C800332B8C /* Multiple_StoriesApp.swift in Sources */,
			);
			runOnlyForDeploymentPostprocessing = 0;
		};
		C468508E26C468C800332B8C /* Sources */ = {
			isa = PBXSourcesBuildPhase;
			buildActionMask = 2147483647;
			files = (
				C46850AA26C468C800332B8C /* ContentView.swift in Sources */,
				C46850A826C468C800332B8C /* Multiple_StoriesApp.swift in Sources */,
			);
			runOnlyForDeploymentPostprocessing = 0;
		};
		C468509326C468C800332B8C /* Sources */ = {
			isa = PBXSourcesBuildPhase;
			buildActionMask = 2147483647;
			files = (
				C468509C26C468C800332B8C /* Tests_iOS.swift in Sources */,
			);
			runOnlyForDeploymentPostprocessing = 0;
		};
		C468509D26C468C800332B8C /* Sources */ = {
			isa = PBXSourcesBuildPhase;
			buildActionMask = 2147483647;
			files = (
				C46850A626C468C800332B8C /* Tests_macOS.swift in Sources */,
			);
			runOnlyForDeploymentPostprocessing = 0;
		};
/* End PBXSourcesBuildPhase section */

/* Begin PBXTargetDependency section */
		C468509926C468C800332B8C /* PBXTargetDependency */ = {
			isa = PBXTargetDependency;
			target = C468508B26C468C800332B8C /* Multiple Stories (iOS) */;
			targetProxy = C468509826C468C800332B8C /* PBXContainerItemProxy */;
		};
		C46850A326C468C800332B8C /* PBXTargetDependency */ = {
			isa = PBXTargetDependency;
			target = C468509126C468C800332B8C /* Multiple Stories (macOS) */;
			targetProxy = C46850A226C468C800332B8C /* PBXContainerItemProxy */;
		};
/* End PBXTargetDependency section */

/* Begin XCBuildConfiguration section */
		C46850AD26C468C800332B8C /* Debug */ = {
			isa = XCBuildConfiguration;
			buildSettings = {
				ALWAYS_SEARCH_USER_PATHS = NO;
				CLANG_ANALYZER_NONNULL = YES;
				CLANG_ANALYZER_NUMBER_OBJECT_CONVERSION = YES_AGGRESSIVE;
				CLANG_CXX_LANGUAGE_STANDARD = "gnu++17";
				CLANG_CXX_LIBRARY = "libc++";
				CLANG_ENABLE_MODULES = YES;
				CLANG_ENABLE_OBJC_ARC = YES;
				CLANG_ENABLE_OBJC_WEAK = YES;
				CLANG_WARN_BLOCK_CAPTURE_AUTORELEASING = YES;
				CLANG_WARN_BOOL_CONVERSION = YES;
				CLANG_WARN_COMMA = YES;
				CLANG_WARN_CONSTANT_CONVERSION = YES;
				CLANG_WARN_DEPRECATED_OBJC_IMPLEMENTATIONS = YES;
				CLANG_WARN_DIRECT_OBJC_ISA_USAGE = YES_ERROR;
				CLANG_WARN_DOCUMENTATION_COMMENTS = YES;
				CLANG_WARN_EMPTY_BODY = YES;
				CLANG_WARN_ENUM_CONVERSION = YES;
				CLANG_WARN_INFINITE_RECURSION = YES;
				CLANG_WARN_INT_CONVERSION = YES;
				CLANG_WARN_NON_LITERAL_NULL_CONVERSION = YES;
				CLANG_WARN_OBJC_IMPLICIT_RETAIN_SELF = YES;
				CLANG_WARN_OBJC_LITERAL_CONVERSION = YES;
				CLANG_WARN_OBJC_ROOT_CLASS = YES_ERROR;
				CLANG_WARN_QUOTED_INCLUDE_IN_FRAMEWORK_HEADER = YES;
				CLANG_WARN_RANGE_LOOP_ANALYSIS = YES;
				CLANG_WARN_STRICT_PROTOTYPES = YES;
				CLANG_WARN_SUSPICIOUS_MOVE = YES;
				CLANG_WARN_UNGUARDED_AVAILABILITY = YES_AGGRESSIVE;
				CLANG_WARN_UNREACHABLE_CODE = YES;
				CLANG_WARN__DUPLICATE_METHOD_MATCH = YES;
				COPY_PHASE_STRIP = NO;
				DEBUG_INFORMATION_FORMAT = dwarf;
				ENABLE_STRICT_OBJC_MSGSEND = YES;
				ENABLE_TESTABILITY = YES;
				GCC_C_LANGUAGE_STANDARD = gnu11;
				GCC_DYNAMIC_NO_PIC = NO;
				GCC_NO_COMMON_BLOCKS = YES;
				GCC_OPTIMIZATION_LEVEL = 0;
				GCC_PREPROCESSOR_DEFINITIONS = (
					"DEBUG=1",
					"$(inherited)",
				);
				GCC_WARN_64_TO_32_BIT_CONVERSION = YES;
				GCC_WARN_ABOUT_RETURN_TYPE = YES_ERROR;
				GCC_WARN_UNDECLARED_SELECTOR = YES;
				GCC_WARN_UNINITIALIZED_AUTOS = YES_AGGRESSIVE;
				GCC_WARN_UNUSED_FUNCTION = YES;
				GCC_WARN_UNUSED_VARIABLE = YES;
				MTL_ENABLE_DEBUG_INFO = INCLUDE_SOURCE;
				MTL_FAST_MATH = YES;
				ONLY_ACTIVE_ARCH = YES;
				SWIFT_ACTIVE_COMPILATION_CONDITIONS = DEBUG;
				SWIFT_OPTIMIZATION_LEVEL = "-Onone";
			};
			name = Debug;
		};
		C46850AE26C468C800332B8C /* Release */ = {
			isa = XCBuildConfiguration;
			buildSettings = {
				ALWAYS_SEARCH_USER_PATHS = NO;
				CLANG_ANALYZER_NONNULL = YES;
				CLANG_ANALYZER_NUMBER_OBJECT_CONVERSION = YES_AGGRESSIVE;
				CLANG_CXX_LANGUAGE_STANDARD = "gnu++17";
				CLANG_CXX_LIBRARY = "libc++";
				CLANG_ENABLE_MODULES = YES;
				CLANG_ENABLE_OBJC_ARC = YES;
				CLANG_ENABLE_OBJC_WEAK = YES;
				CLANG_WARN_BLOCK_CAPTURE_AUTORELEASING = YES;
				CLANG_WARN_BOOL_CONVERSION = YES;
				CLANG_WARN_COMMA = YES;
				CLANG_WARN_CONSTANT_CONVERSION = YES;
				CLANG_WARN_DEPRECATED_OBJC_IMPLEMENTATIONS = YES;
				CLANG_WARN_DIRECT_OBJC_ISA_USAGE = YES_ERROR;
				CLANG_WARN_DOCUMENTATION_COMMENTS = YES;
				CLANG_WARN_EMPTY_BODY = YES;
				CLANG_WARN_ENUM_CONVERSION = YES;
				CLANG_WARN_INFINITE_RECURSION = YES;
				CLANG_WARN_INT_CONVERSION = YES;
				CLANG_WARN_NON_LITERAL_NULL_CONVERSION = YES;
				CLANG_WARN_OBJC_IMPLICIT_RETAIN_SELF = YES;
				CLANG_WARN_OBJC_LITERAL_CONVERSION = YES;
				CLANG_WARN_OBJC_ROOT_CLASS = YES_ERROR;
				CLANG_WARN_QUOTED_INCLUDE_IN_FRAMEWORK_HEADER = YES;
				CLANG_WARN_RANGE_LOOP_ANALYSIS = YES;
				CLANG_WARN_STRICT_PROTOTYPES = YES;
				CLANG_WARN_SUSPICIOUS_MOVE = YES;
				CLANG_WARN_UNGUARDED_AVAILABILITY = YES_AGGRESSIVE;
				CLANG_WARN_UNREACHABLE_CODE = YES;
				CLANG_WARN__DUPLICATE_METHOD_MATCH = YES;
				COPY_PHASE_STRIP = NO;
				DEBUG_INFORMATION_FORMAT = "dwarf-with-dsym";
				ENABLE_NS_ASSERTIONS = NO;
				ENABLE_STRICT_OBJC_MSGSEND = YES;
				GCC_C_LANGUAGE_STANDARD = gnu11;
				GCC_NO_COMMON_BLOCKS = YES;
				GCC_WARN_64_TO_32_BIT_CONVERSION = YES;
				GCC_WARN_ABOUT_RETURN_TYPE = YES_ERROR;
				GCC_WARN_UNDECLARED_SELECTOR = YES;
				GCC_WARN_UNINITIALIZED_AUTOS = YES_AGGRESSIVE;
				GCC_WARN_UNUSED_FUNCTION = YES;
				GCC_WARN_UNUSED_VARIABLE = YES;
				MTL_ENABLE_DEBUG_INFO = NO;
				MTL_FAST_MATH = YES;
				SWIFT_COMPILATION_MODE = wholemodule;
				SWIFT_OPTIMIZATION_LEVEL = "-O";
			};
			name = Release;
		};
		C46850B026C468C800332B8C /* Debug */ = {
			isa = XCBuildConfiguration;
			buildSettings = {
				ASSETCATALOG_COMPILER_APPICON_NAME = AppIcon;
				ASSETCATALOG_COMPILER_GLOBAL_ACCENT_COLOR_NAME = AccentColor;
				CODE_SIGN_STYLE = Automatic;
				CURRENT_PROJECT_VERSION = 1;
				DEVELOPMENT_TEAM = G7DSPSWXXC;
				ENABLE_PREVIEWS = YES;
				GENERATE_INFOPLIST_FILE = YES;
				INFOPLIST_KEY_UIApplicationSceneManifest_Generation = YES;
				INFOPLIST_KEY_UIApplicationSupportsIndirectInputEvents = YES;
				INFOPLIST_KEY_UILaunchScreen_Generation = YES;
				INFOPLIST_KEY_UISupportedInterfaceOrientations_iPad = "UIInterfaceOrientationPortrait UIInterfaceOrientationPortraitUpsideDown UIInterfaceOrientationLandscapeLeft UIInterfaceOrientationLandscapeRight";
				INFOPLIST_KEY_UISupportedInterfaceOrientations_iPhone = "UIInterfaceOrientationPortrait UIInterfaceOrientationLandscapeLeft UIInterfaceOrientationLandscapeRight";
				IPHONEOS_DEPLOYMENT_TARGET = 14.0;
				LD_RUNPATH_SEARCH_PATHS = (
					"$(inherited)",
					"@executable_path/Frameworks",
				);
				MARKETING_VERSION = 1.0;
				PRODUCT_BUNDLE_IDENTIFIER = "com.MicheleManniello.Multiple-Stories";
				PRODUCT_NAME = "Multiple Stories";
				SDKROOT = iphoneos;
				SWIFT_EMIT_LOC_STRINGS = YES;
				SWIFT_VERSION = 5.0;
				TARGETED_DEVICE_FAMILY = "1,2";
			};
			name = Debug;
		};
		C46850B126C468C800332B8C /* Release */ = {
			isa = XCBuildConfiguration;
			buildSettings = {
				ASSETCATALOG_COMPILER_APPICON_NAME = AppIcon;
				ASSETCATALOG_COMPILER_GLOBAL_ACCENT_COLOR_NAME = AccentColor;
				CODE_SIGN_STYLE = Automatic;
				CURRENT_PROJECT_VERSION = 1;
				DEVELOPMENT_TEAM = G7DSPSWXXC;
				ENABLE_PREVIEWS = YES;
				GENERATE_INFOPLIST_FILE = YES;
				INFOPLIST_KEY_UIApplicationSceneManifest_Generation = YES;
				INFOPLIST_KEY_UIApplicationSupportsIndirectInputEvents = YES;
				INFOPLIST_KEY_UILaunchScreen_Generation = YES;
				INFOPLIST_KEY_UISupportedInterfaceOrientations_iPad = "UIInterfaceOrientationPortrait UIInterfaceOrientationPortraitUpsideDown UIInterfaceOrientationLandscapeLeft UIInterfaceOrientationLandscapeRight";
				INFOPLIST_KEY_UISupportedInterfaceOrientations_iPhone = "UIInterfaceOrientationPortrait UIInterfaceOrientationLandscapeLeft UIInterfaceOrientationLandscapeRight";
				IPHONEOS_DEPLOYMENT_TARGET = 14.0;
				LD_RUNPATH_SEARCH_PATHS = (
					"$(inherited)",
					"@executable_path/Frameworks",
				);
				MARKETING_VERSION = 1.0;
				PRODUCT_BUNDLE_IDENTIFIER = "com.MicheleManniello.Multiple-Stories";
				PRODUCT_NAME = "Multiple Stories";
				SDKROOT = iphoneos;
				SWIFT_EMIT_LOC_STRINGS = YES;
				SWIFT_VERSION = 5.0;
				TARGETED_DEVICE_FAMILY = "1,2";
				VALIDATE_PRODUCT = YES;
			};
			name = Release;
		};
		C46850B326C468C800332B8C /* Debug */ = {
			isa = XCBuildConfiguration;
			buildSettings = {
				ASSETCATALOG_COMPILER_APPICON_NAME = AppIcon;
				ASSETCATALOG_COMPILER_GLOBAL_ACCENT_COLOR_NAME = AccentColor;
				CODE_SIGN_STYLE = Automatic;
				COMBINE_HIDPI_IMAGES = YES;
				CURRENT_PROJECT_VERSION = 1;
				DEVELOPMENT_TEAM = G7DSPSWXXC;
				ENABLE_APP_SANDBOX = YES;
				ENABLE_HARDENED_RUNTIME = YES;
				ENABLE_PREVIEWS = YES;
				ENABLE_USER_SELECTED_FILES = readonly;
				GENERATE_INFOPLIST_FILE = YES;
				INFOPLIST_KEY_NSHumanReadableCopyright = "";
				LD_RUNPATH_SEARCH_PATHS = (
					"$(inherited)",
					"@executable_path/../Frameworks",
				);
				MACOSX_DEPLOYMENT_TARGET = 11.0;
				MARKETING_VERSION = 1.0;
				PRODUCT_BUNDLE_IDENTIFIER = "com.MicheleManniello.Multiple-Stories";
				PRODUCT_NAME = "Multiple Stories";
				SDKROOT = macosx;
				SWIFT_EMIT_LOC_STRINGS = YES;
				SWIFT_VERSION = 5.0;
			};
			name = Debug;
		};
		C46850B426C468C800332B8C /* Release */ = {
			isa = XCBuildConfiguration;
			buildSettings = {
				ASSETCATALOG_COMPILER_APPICON_NAME = AppIcon;
				ASSETCATALOG_COMPILER_GLOBAL_ACCENT_COLOR_NAME = AccentColor;
				CODE_SIGN_STYLE = Automatic;
				COMBINE_HIDPI_IMAGES = YES;
				CURRENT_PROJECT_VERSION = 1;
				DEVELOPMENT_TEAM = G7DSPSWXXC;
				ENABLE_APP_SANDBOX = YES;
				ENABLE_HARDENED_RUNTIME = YES;
				ENABLE_PREVIEWS = YES;
				ENABLE_USER_SELECTED_FILES = readonly;
				GENERATE_INFOPLIST_FILE = YES;
				INFOPLIST_KEY_NSHumanReadableCopyright = "";
				LD_RUNPATH_SEARCH_PATHS = (
					"$(inherited)",
					"@executable_path/../Frameworks",
				);
				MACOSX_DEPLOYMENT_TARGET = 11.0;
				MARKETING_VERSION = 1.0;
				PRODUCT_BUNDLE_IDENTIFIER = "com.MicheleManniello.Multiple-Stories";
				PRODUCT_NAME = "Multiple Stories";
				SDKROOT = macosx;
				SWIFT_EMIT_LOC_STRINGS = YES;
				SWIFT_VERSION = 5.0;
			};
			name = Release;
		};
		C46850B626C468C800332B8C /* Debug */ = {
			isa = XCBuildConfiguration;
			buildSettings = {
				ALWAYS_EMBED_SWIFT_STANDARD_LIBRARIES = YES;
				CODE_SIGN_STYLE = Automatic;
				CURRENT_PROJECT_VERSION = 1;
				DEVELOPMENT_TEAM = G7DSPSWXXC;
				GENERATE_INFOPLIST_FILE = YES;
				IPHONEOS_DEPLOYMENT_TARGET = 15.0;
				LD_RUNPATH_SEARCH_PATHS = (
					"$(inherited)",
					"@executable_path/Frameworks",
					"@loader_path/Frameworks",
				);
				MARKETING_VERSION = 1.0;
				PRODUCT_BUNDLE_IDENTIFIER = "com.MicheleManniello.Tests-iOS";
				PRODUCT_NAME = "$(TARGET_NAME)";
				SDKROOT = iphoneos;
				SWIFT_EMIT_LOC_STRINGS = NO;
				SWIFT_VERSION = 5.0;
				TARGETED_DEVICE_FAMILY = "1,2";
				TEST_TARGET_NAME = "Multiple Stories (iOS)";
			};
			name = Debug;
		};
		C46850B726C468C800332B8C /* Release */ = {
			isa = XCBuildConfiguration;
			buildSettings = {
				ALWAYS_EMBED_SWIFT_STANDARD_LIBRARIES = YES;
				CODE_SIGN_STYLE = Automatic;
				CURRENT_PROJECT_VERSION = 1;
				DEVELOPMENT_TEAM = G7DSPSWXXC;
				GENERATE_INFOPLIST_FILE = YES;
				IPHONEOS_DEPLOYMENT_TARGET = 15.0;
				LD_RUNPATH_SEARCH_PATHS = (
					"$(inherited)",
					"@executable_path/Frameworks",
					"@loader_path/Frameworks",
				);
				MARKETING_VERSION = 1.0;
				PRODUCT_BUNDLE_IDENTIFIER = "com.MicheleManniello.Tests-iOS";
				PRODUCT_NAME = "$(TARGET_NAME)";
				SDKROOT = iphoneos;
				SWIFT_EMIT_LOC_STRINGS = NO;
				SWIFT_VERSION = 5.0;
				TARGETED_DEVICE_FAMILY = "1,2";
				TEST_TARGET_NAME = "Multiple Stories (iOS)";
				VALIDATE_PRODUCT = YES;
			};
			name = Release;
		};
		C46850B926C468C800332B8C /* Debug */ = {
			isa = XCBuildConfiguration;
			buildSettings = {
				ALWAYS_EMBED_SWIFT_STANDARD_LIBRARIES = YES;
				CODE_SIGN_STYLE = Automatic;
				COMBINE_HIDPI_IMAGES = YES;
				CURRENT_PROJECT_VERSION = 1;
				DEVELOPMENT_TEAM = G7DSPSWXXC;
				GENERATE_INFOPLIST_FILE = YES;
				LD_RUNPATH_SEARCH_PATHS = (
					"$(inherited)",
					"@executable_path/../Frameworks",
					"@loader_path/../Frameworks",
				);
				MACOSX_DEPLOYMENT_TARGET = 11.5;
				MARKETING_VERSION = 1.0;
				PRODUCT_BUNDLE_IDENTIFIER = "com.MicheleManniello.Tests-macOS";
				PRODUCT_NAME = "$(TARGET_NAME)";
				SDKROOT = macosx;
				SWIFT_EMIT_LOC_STRINGS = NO;
				SWIFT_VERSION = 5.0;
				TEST_TARGET_NAME = "Multiple Stories (macOS)";
			};
			name = Debug;
		};
		C46850BA26C468C800332B8C /* Release */ = {
			isa = XCBuildConfiguration;
			buildSettings = {
				ALWAYS_EMBED_SWIFT_STANDARD_LIBRARIES = YES;
				CODE_SIGN_STYLE = Automatic;
				COMBINE_HIDPI_IMAGES = YES;
				CURRENT_PROJECT_VERSION = 1;
				DEVELOPMENT_TEAM = G7DSPSWXXC;
				GENERATE_INFOPLIST_FILE = YES;
				LD_RUNPATH_SEARCH_PATHS = (
					"$(inherited)",
					"@executable_path/../Frameworks",
					"@loader_path/../Frameworks",
				);
				MACOSX_DEPLOYMENT_TARGET = 11.5;
				MARKETING_VERSION = 1.0;
				PRODUCT_BUNDLE_IDENTIFIER = "com.MicheleManniello.Tests-macOS";
				PRODUCT_NAME = "$(TARGET_NAME)";
				SDKROOT = macosx;
				SWIFT_EMIT_LOC_STRINGS = NO;
				SWIFT_VERSION = 5.0;
				TEST_TARGET_NAME = "Multiple Stories (macOS)";
			};
			name = Release;
		};
/* End XCBuildConfiguration section */

/* Begin XCConfigurationList section */
		C468508326C468C600332B8C /* Build configuration list for PBXProject "Multiple Stories" */ = {
			isa = XCConfigurationList;
			buildConfigurations = (
				C46850AD26C468C800332B8C /* Debug */,
				C46850AE26C468C800332B8C /* Release */,
			);
			defaultConfigurationIsVisible = 0;
			defaultConfigurationName = Release;
		};
		C46850AF26C468C800332B8C /* Build configuration list for PBXNativeTarget "Multiple Stories (iOS)" */ = {
			isa = XCConfigurationList;
			buildConfigurations = (
				C46850B026C468C800332B8C /* Debug */,
				C46850B126C468C800332B8C /* Release */,
			);
			defaultConfigurationIsVisible = 0;
			defaultConfigurationName = Release;
		};
		C46850B226C468C800332B8C /* Build configuration list for PBXNativeTarget "Multiple Stories (macOS)" */ = {
			isa = XCConfigurationList;
			buildConfigurations = (
				C46850B326C468C800332B8C /* Debug */,
				C46850B426C468C800332B8C /* Release */,
			);
			defaultConfigurationIsVisible = 0;
			defaultConfigurationName = Release;
		};
		C46850B526C468C800332B8C /* Build configuration list for PBXNativeTarget "Tests iOS" */ = {
			isa = XCConfigurationList;
			buildConfigurations = (
				C46850B626C468C800332B8C /* Debug */,
				C46850B726C468C800332B8C /* Release */,
			);
			defaultConfigurationIsVisible = 0;
			defaultConfigurationName = Release;
		};
		C46850B826C468C800332B8C /* Build configuration list for PBXNativeTarget "Tests macOS" */ = {
			isa = XCConfigurationList;
			buildConfigurations = (
				C46850B926C468C800332B8C /* Debug */,
				C46850BA26C468C800332B8C /* Release */,
			);
			defaultConfigurationIsVisible = 0;
			defaultConfigurationName = Release;
		};
/* End XCConfigurationList section */
	};
	rootObject = C468508026C468C600332B8C /* Project object */;
}
